// !$*UTF8*$!
{
	archiveVersion = 1;
	classes = {
	};
	objectVersion = 50;
	objects = {

/* Begin PBXBuildFile section */
		AE47F45B22AC15AD00A1DCE7 /* AppDelegate.swift in Sources */ = {isa = PBXBuildFile; fileRef = AE47F45A22AC15AD00A1DCE7 /* AppDelegate.swift */; };
		AE47F45D22AC15AD00A1DCE7 /* ViewController.swift in Sources */ = {isa = PBXBuildFile; fileRef = AE47F45C22AC15AD00A1DCE7 /* ViewController.swift */; };
		AE47F46022AC15AD00A1DCE7 /* Main.storyboard in Resources */ = {isa = PBXBuildFile; fileRef = AE47F45E22AC15AD00A1DCE7 /* Main.storyboard */; };
		AE47F46222AC15AF00A1DCE7 /* Assets.xcassets in Resources */ = {isa = PBXBuildFile; fileRef = AE47F46122AC15AF00A1DCE7 /* Assets.xcassets */; };
		AE47F46522AC15AF00A1DCE7 /* LaunchScreen.storyboard in Resources */ = {isa = PBXBuildFile; fileRef = AE47F46322AC15AF00A1DCE7 /* LaunchScreen.storyboard */; };
		AE47F47022AC15AF00A1DCE7 /* Swift_CalcTests.swift in Sources */ = {isa = PBXBuildFile; fileRef = AE47F46F22AC15AF00A1DCE7 /* Swift_CalcTests.swift */; };
		AE47F47B22AC15AF00A1DCE7 /* Swift_CalcUITests.swift in Sources */ = {isa = PBXBuildFile; fileRef = AE47F47A22AC15AF00A1DCE7 /* Swift_CalcUITests.swift */; };
		AE60A0AA22B164E900925EAC /* HistoryViewController.swift in Sources */ = {isa = PBXBuildFile; fileRef = AE60A0A922B164E900925EAC /* HistoryViewController.swift */; };
/* End PBXBuildFile section */

/* Begin PBXContainerItemProxy section */
		AE47F46C22AC15AF00A1DCE7 /* PBXContainerItemProxy */ = {
			isa = PBXContainerItemProxy;
			containerPortal = AE47F44F22AC15AD00A1DCE7 /* Project object */;
			proxyType = 1;
			remoteGlobalIDString = AE47F45622AC15AD00A1DCE7;
			remoteInfo = Swift_Calc;
		};
		AE47F47722AC15AF00A1DCE7 /* PBXContainerItemProxy */ = {
			isa = PBXContainerItemProxy;
			containerPortal = AE47F44F22AC15AD00A1DCE7 /* Project object */;
			proxyType = 1;
			remoteGlobalIDString = AE47F45622AC15AD00A1DCE7;
			remoteInfo = Swift_Calc;
		};
/* End PBXContainerItemProxy section */

/* Begin PBXFileReference section */
		AE47F45722AC15AD00A1DCE7 /* Swift_Calc.app */ = {isa = PBXFileReference; explicitFileType = wrapper.application; includeInIndex = 0; path = Swift_Calc.app; sourceTree = BUILT_PRODUCTS_DIR; };
		AE47F45A22AC15AD00A1DCE7 /* AppDelegate.swift */ = {isa = PBXFileReference; lastKnownFileType = sourcecode.swift; path = AppDelegate.swift; sourceTree = "<group>"; };
		AE47F45C22AC15AD00A1DCE7 /* ViewController.swift */ = {isa = PBXFileReference; lastKnownFileType = sourcecode.swift; path = ViewController.swift; sourceTree = "<group>"; };
		AE47F45F22AC15AD00A1DCE7 /* Base */ = {isa = PBXFileReference; lastKnownFileType = file.storyboard; name = Base; path = Base.lproj/Main.storyboard; sourceTree = "<group>"; };
		AE47F46122AC15AF00A1DCE7 /* Assets.xcassets */ = {isa = PBXFileReference; lastKnownFileType = folder.assetcatalog; path = Assets.xcassets; sourceTree = "<group>"; };
		AE47F46422AC15AF00A1DCE7 /* Base */ = {isa = PBXFileReference; lastKnownFileType = file.storyboard; name = Base; path = Base.lproj/LaunchScreen.storyboard; sourceTree = "<group>"; };
		AE47F46622AC15AF00A1DCE7 /* Info.plist */ = {isa = PBXFileReference; lastKnownFileType = text.plist.xml; path = Info.plist; sourceTree = "<group>"; };
		AE47F46B22AC15AF00A1DCE7 /* Swift_CalcTests.xctest */ = {isa = PBXFileReference; explicitFileType = wrapper.cfbundle; includeInIndex = 0; path = Swift_CalcTests.xctest; sourceTree = BUILT_PRODUCTS_DIR; };
		AE47F46F22AC15AF00A1DCE7 /* Swift_CalcTests.swift */ = {isa = PBXFileReference; lastKnownFileType = sourcecode.swift; path = Swift_CalcTests.swift; sourceTree = "<group>"; };
		AE47F47122AC15AF00A1DCE7 /* Info.plist */ = {isa = PBXFileReference; lastKnownFileType = text.plist.xml; path = Info.plist; sourceTree = "<group>"; };
		AE47F47622AC15AF00A1DCE7 /* Swift_CalcUITests.xctest */ = {isa = PBXFileReference; explicitFileType = wrapper.cfbundle; includeInIndex = 0; path = Swift_CalcUITests.xctest; sourceTree = BUILT_PRODUCTS_DIR; };
		AE47F47A22AC15AF00A1DCE7 /* Swift_CalcUITests.swift */ = {isa = PBXFileReference; lastKnownFileType = sourcecode.swift; path = Swift_CalcUITests.swift; sourceTree = "<group>"; };
		AE47F47C22AC15AF00A1DCE7 /* Info.plist */ = {isa = PBXFileReference; lastKnownFileType = text.plist.xml; path = Info.plist; sourceTree = "<group>"; };
		AE60A0A922B164E900925EAC /* HistoryViewController.swift */ = {isa = PBXFileReference; lastKnownFileType = sourcecode.swift; path = HistoryViewController.swift; sourceTree = "<group>"; };
/* End PBXFileReference section */

/* Begin PBXFrameworksBuildPhase section */
		AE47F45422AC15AD00A1DCE7 /* Frameworks */ = {
			isa = PBXFrameworksBuildPhase;
			buildActionMask = 2147483647;
			files = (
			);
			runOnlyForDeploymentPostprocessing = 0;
		};
		AE47F46822AC15AF00A1DCE7 /* Frameworks */ = {
			isa = PBXFrameworksBuildPhase;
			buildActionMask = 2147483647;
			files = (
			);
			runOnlyForDeploymentPostprocessing = 0;
		};
		AE47F47322AC15AF00A1DCE7 /* Frameworks */ = {
			isa = PBXFrameworksBuildPhase;
			buildActionMask = 2147483647;
			files = (
			);
			runOnlyForDeploymentPostprocessing = 0;
		};
/* End PBXFrameworksBuildPhase section */

/* Begin PBXGroup section */
		AE47F44E22AC15AD00A1DCE7 = {
			isa = PBXGroup;
			children = (
				AE47F45922AC15AD00A1DCE7 /* Swift_Calc */,
				AE47F46E22AC15AF00A1DCE7 /* Swift_CalcTests */,
				AE47F47922AC15AF00A1DCE7 /* Swift_CalcUITests */,
				AE47F45822AC15AD00A1DCE7 /* Products */,
			);
			sourceTree = "<group>";
		};
		AE47F45822AC15AD00A1DCE7 /* Products */ = {
			isa = PBXGroup;
			children = (
				AE47F45722AC15AD00A1DCE7 /* Swift_Calc.app */,
				AE47F46B22AC15AF00A1DCE7 /* Swift_CalcTests.xctest */,
				AE47F47622AC15AF00A1DCE7 /* Swift_CalcUITests.xctest */,
			);
			name = Products;
			sourceTree = "<group>";
		};
		AE47F45922AC15AD00A1DCE7 /* Swift_Calc */ = {
			isa = PBXGroup;
			children = (
				AE47F45A22AC15AD00A1DCE7 /* AppDelegate.swift */,
				AE47F45C22AC15AD00A1DCE7 /* ViewController.swift */,
				AE47F45E22AC15AD00A1DCE7 /* Main.storyboard */,
				AE60A0A922B164E900925EAC /* HistoryViewController.swift */,
				AE47F46122AC15AF00A1DCE7 /* Assets.xcassets */,
				AE47F46322AC15AF00A1DCE7 /* LaunchScreen.storyboard */,
				AE47F46622AC15AF00A1DCE7 /* Info.plist */,
			);
			path = Swift_Calc;
			sourceTree = "<group>";
		};
		AE47F46E22AC15AF00A1DCE7 /* Swift_CalcTests */ = {
			isa = PBXGroup;
			children = (
				AE47F46F22AC15AF00A1DCE7 /* Swift_CalcTests.swift */,
				AE47F47122AC15AF00A1DCE7 /* Info.plist */,
			);
			path = Swift_CalcTests;
			sourceTree = "<group>";
		};
		AE47F47922AC15AF00A1DCE7 /* Swift_CalcUITests */ = {
			isa = PBXGroup;
			children = (
				AE47F47A22AC15AF00A1DCE7 /* Swift_CalcUITests.swift */,
				AE47F47C22AC15AF00A1DCE7 /* Info.plist */,
			);
			path = Swift_CalcUITests;
			sourceTree = "<group>";
		};
/* End PBXGroup section */

/* Begin PBXNativeTarget section */
		AE47F45622AC15AD00A1DCE7 /* Swift_Calc */ = {
			isa = PBXNativeTarget;
			buildConfigurationList = AE47F47F22AC15AF00A1DCE7 /* Build configuration list for PBXNativeTarget "Swift_Calc" */;
			buildPhases = (
				AE47F45322AC15AD00A1DCE7 /* Sources */,
				AE47F45422AC15AD00A1DCE7 /* Frameworks */,
				AE47F45522AC15AD00A1DCE7 /* Resources */,
			);
			buildRules = (
			);
			dependencies = (
			);
			name = Swift_Calc;
			productName = Swift_Calc;
			productReference = AE47F45722AC15AD00A1DCE7 /* Swift_Calc.app */;
			productType = "com.apple.product-type.application";
		};
		AE47F46A22AC15AF00A1DCE7 /* Swift_CalcTests */ = {
			isa = PBXNativeTarget;
			buildConfigurationList = AE47F48222AC15AF00A1DCE7 /* Build configuration list for PBXNativeTarget "Swift_CalcTests" */;
			buildPhases = (
				AE47F46722AC15AF00A1DCE7 /* Sources */,
				AE47F46822AC15AF00A1DCE7 /* Frameworks */,
				AE47F46922AC15AF00A1DCE7 /* Resources */,
			);
			buildRules = (
			);
			dependencies = (
				AE47F46D22AC15AF00A1DCE7 /* PBXTargetDependency */,
			);
			name = Swift_CalcTests;
			productName = Swift_CalcTests;
			productReference = AE47F46B22AC15AF00A1DCE7 /* Swift_CalcTests.xctest */;
			productType = "com.apple.product-type.bundle.unit-test";
		};
		AE47F47522AC15AF00A1DCE7 /* Swift_CalcUITests */ = {
			isa = PBXNativeTarget;
			buildConfigurationList = AE47F48522AC15AF00A1DCE7 /* Build configuration list for PBXNativeTarget "Swift_CalcUITests" */;
			buildPhases = (
				AE47F47222AC15AF00A1DCE7 /* Sources */,
				AE47F47322AC15AF00A1DCE7 /* Frameworks */,
				AE47F47422AC15AF00A1DCE7 /* Resources */,
			);
			buildRules = (
			);
			dependencies = (
				AE47F47822AC15AF00A1DCE7 /* PBXTargetDependency */,
			);
			name = Swift_CalcUITests;
			productName = Swift_CalcUITests;
			productReference = AE47F47622AC15AF00A1DCE7 /* Swift_CalcUITests.xctest */;
			productType = "com.apple.product-type.bundle.ui-testing";
		};
/* End PBXNativeTarget section */

/* Begin PBXProject section */
		AE47F44F22AC15AD00A1DCE7 /* Project object */ = {
			isa = PBXProject;
			attributes = {
				LastSwiftUpdateCheck = 1020;
				LastUpgradeCheck = 1020;
				ORGANIZATIONNAME = takusan23;
				TargetAttributes = {
					AE47F45622AC15AD00A1DCE7 = {
						CreatedOnToolsVersion = 10.2.1;
					};
					AE47F46A22AC15AF00A1DCE7 = {
						CreatedOnToolsVersion = 10.2.1;
						TestTargetID = AE47F45622AC15AD00A1DCE7;
					};
					AE47F47522AC15AF00A1DCE7 = {
						CreatedOnToolsVersion = 10.2.1;
						TestTargetID = AE47F45622AC15AD00A1DCE7;
					};
				};
			};
			buildConfigurationList = AE47F45222AC15AD00A1DCE7 /* Build configuration list for PBXProject "Swift_Calc" */;
			compatibilityVersion = "Xcode 9.3";
			developmentRegion = en;
			hasScannedForEncodings = 0;
			knownRegions = (
				en,
				Base,
			);
			mainGroup = AE47F44E22AC15AD00A1DCE7;
			productRefGroup = AE47F45822AC15AD00A1DCE7 /* Products */;
			projectDirPath = "";
			projectRoot = "";
			targets = (
				AE47F45622AC15AD00A1DCE7 /* Swift_Calc */,
				AE47F46A22AC15AF00A1DCE7 /* Swift_CalcTests */,
				AE47F47522AC15AF00A1DCE7 /* Swift_CalcUITests */,
			);
		};
/* End PBXProject section */

/* Begin PBXResourcesBuildPhase section */
		AE47F45522AC15AD00A1DCE7 /* Resources */ = {
			isa = PBXResourcesBuildPhase;
			buildActionMask = 2147483647;
			files = (
				AE47F46522AC15AF00A1DCE7 /* LaunchScreen.storyboard in Resources */,
				AE47F46222AC15AF00A1DCE7 /* Assets.xcassets in Resources */,
				AE47F46022AC15AD00A1DCE7 /* Main.storyboard in Resources */,
			);
			runOnlyForDeploymentPostprocessing = 0;
		};
		AE47F46922AC15AF00A1DCE7 /* Resources */ = {
			isa = PBXResourcesBuildPhase;
			buildActionMask = 2147483647;
			files = (
			);
			runOnlyForDeploymentPostprocessing = 0;
		};
		AE47F47422AC15AF00A1DCE7 /* Resources */ = {
			isa = PBXResourcesBuildPhase;
			buildActionMask = 2147483647;
			files = (
			);
			runOnlyForDeploymentPostprocessing = 0;
		};
/* End PBXResourcesBuildPhase section */

/* Begin PBXSourcesBuildPhase section */
		AE47F45322AC15AD00A1DCE7 /* Sources */ = {
			isa = PBXSourcesBuildPhase;
			buildActionMask = 2147483647;
			files = (
				AE60A0AA22B164E900925EAC /* HistoryViewController.swift in Sources */,
				AE47F45D22AC15AD00A1DCE7 /* ViewController.swift in Sources */,
				AE47F45B22AC15AD00A1DCE7 /* AppDelegate.swift in Sources */,
			);
			runOnlyForDeploymentPostprocessing = 0;
		};
		AE47F46722AC15AF00A1DCE7 /* Sources */ = {
			isa = PBXSourcesBuildPhase;
			buildActionMask = 2147483647;
			files = (
				AE47F47022AC15AF00A1DCE7 /* Swift_CalcTests.swift in Sources */,
			);
			runOnlyForDeploymentPostprocessing = 0;
		};
		AE47F47222AC15AF00A1DCE7 /* Sources */ = {
			isa = PBXSourcesBuildPhase;
			buildActionMask = 2147483647;
			files = (
				AE47F47B22AC15AF00A1DCE7 /* Swift_CalcUITests.swift in Sources */,
			);
			runOnlyForDeploymentPostprocessing = 0;
		};
/* End PBXSourcesBuildPhase section */

/* Begin PBXTargetDependency section */
		AE47F46D22AC15AF00A1DCE7 /* PBXTargetDependency */ = {
			isa = PBXTargetDependency;
			target = AE47F45622AC15AD00A1DCE7 /* Swift_Calc */;
			targetProxy = AE47F46C22AC15AF00A1DCE7 /* PBXContainerItemProxy */;
		};
		AE47F47822AC15AF00A1DCE7 /* PBXTargetDependency */ = {
			isa = PBXTargetDependency;
			target = AE47F45622AC15AD00A1DCE7 /* Swift_Calc */;
			targetProxy = AE47F47722AC15AF00A1DCE7 /* PBXContainerItemProxy */;
		};
/* End PBXTargetDependency section */

/* Begin PBXVariantGroup section */
		AE47F45E22AC15AD00A1DCE7 /* Main.storyboard */ = {
			isa = PBXVariantGroup;
			children = (
				AE47F45F22AC15AD00A1DCE7 /* Base */,
			);
			name = Main.storyboard;
			sourceTree = "<group>";
		};
		AE47F46322AC15AF00A1DCE7 /* LaunchScreen.storyboard */ = {
			isa = PBXVariantGroup;
			children = (
				AE47F46422AC15AF00A1DCE7 /* Base */,
			);
			name = LaunchScreen.storyboard;
			sourceTree = "<group>";
		};
/* End PBXVariantGroup section */

/* Begin XCBuildConfiguration section */
		AE47F47D22AC15AF00A1DCE7 /* Debug */ = {
			isa = XCBuildConfiguration;
			buildSettings = {
				ALWAYS_SEARCH_USER_PATHS = NO;
				CLANG_ANALYZER_NONNULL = YES;
				CLANG_ANALYZER_NUMBER_OBJECT_CONVERSION = YES_AGGRESSIVE;
				CLANG_CXX_LANGUAGE_STANDARD = "gnu++14";
				CLANG_CXX_LIBRARY = "libc++";
				CLANG_ENABLE_MODULES = YES;
				CLANG_ENABLE_OBJC_ARC = YES;
				CLANG_ENABLE_OBJC_WEAK = YES;
				CLANG_WARN_BLOCK_CAPTURE_AUTORELEASING = YES;
				CLANG_WARN_BOOL_CONVERSION = YES;
				CLANG_WARN_COMMA = YES;
				CLANG_WARN_CONSTANT_CONVERSION = YES;
				CLANG_WARN_DEPRECATED_OBJC_IMPLEMENTATIONS = YES;
				CLANG_WARN_DIRECT_OBJC_ISA_USAGE = YES_ERROR;
				CLANG_WARN_DOCUMENTATION_COMMENTS = YES;
				CLANG_WARN_EMPTY_BODY = YES;
				CLANG_WARN_ENUM_CONVERSION = YES;
				CLANG_WARN_INFINITE_RECURSION = YES;
				CLANG_WARN_INT_CONVERSION = YES;
				CLANG_WARN_NON_LITERAL_NULL_CONVERSION = YES;
				CLANG_WARN_OBJC_IMPLICIT_RETAIN_SELF = YES;
				CLANG_WARN_OBJC_LITERAL_CONVERSION = YES;
				CLANG_WARN_OBJC_ROOT_CLASS = YES_ERROR;
				CLANG_WARN_RANGE_LOOP_ANALYSIS = YES;
				CLANG_WARN_STRICT_PROTOTYPES = YES;
				CLANG_WARN_SUSPICIOUS_MOVE = YES;
				CLANG_WARN_UNGUARDED_AVAILABILITY = YES_AGGRESSIVE;
				CLANG_WARN_UNREACHABLE_CODE = YES;
				CLANG_WARN__DUPLICATE_METHOD_MATCH = YES;
				CODE_SIGN_IDENTITY = "iPhone Developer";
				COPY_PHASE_STRIP = NO;
				DEBUG_INFORMATION_FORMAT = dwarf;
				ENABLE_STRICT_OBJC_MSGSEND = YES;
				ENABLE_TESTABILITY = YES;
				GCC_C_LANGUAGE_STANDARD = gnu11;
				GCC_DYNAMIC_NO_PIC = NO;
				GCC_NO_COMMON_BLOCKS = YES;
				GCC_OPTIMIZATION_LEVEL = 0;
				GCC_PREPROCESSOR_DEFINITIONS = (
					"DEBUG=1",
					"$(inherited)",
				);
				GCC_WARN_64_TO_32_BIT_CONVERSION = YES;
				GCC_WARN_ABOUT_RETURN_TYPE = YES_ERROR;
				GCC_WARN_UNDECLARED_SELECTOR = YES;
				GCC_WARN_UNINITIALIZED_AUTOS = YES_AGGRESSIVE;
				GCC_WARN_UNUSED_FUNCTION = YES;
				GCC_WARN_UNUSED_VARIABLE = YES;
				IPHONEOS_DEPLOYMENT_TARGET = 12.2;
				MTL_ENABLE_DEBUG_INFO = INCLUDE_SOURCE;
				MTL_FAST_MATH = YES;
				ONLY_ACTIVE_ARCH = YES;
				SDKROOT = iphoneos;
				SWIFT_ACTIVE_COMPILATION_CONDITIONS = DEBUG;
				SWIFT_OPTIMIZATION_LEVEL = "-Onone";
			};
			name = Debug;
		};
		AE47F47E22AC15AF00A1DCE7 /* Release */ = {
			isa = XCBuildConfiguration;
			buildSettings = {
				ALWAYS_SEARCH_USER_PATHS = NO;
				CLANG_ANALYZER_NONNULL = YES;
				CLANG_ANALYZER_NUMBER_OBJECT_CONVERSION = YES_AGGRESSIVE;
				CLANG_CXX_LANGUAGE_STANDARD = "gnu++14";
				CLANG_CXX_LIBRARY = "libc++";
				CLANG_ENABLE_MODULES = YES;
				CLANG_ENABLE_OBJC_ARC = YES;
				CLANG_ENABLE_OBJC_WEAK = YES;
				CLANG_WARN_BLOCK_CAPTURE_AUTORELEASING = YES;
				CLANG_WARN_BOOL_CONVERSION = YES;
				CLANG_WARN_COMMA = YES;
				CLANG_WARN_CONSTANT_CONVERSION = YES;
				CLANG_WARN_DEPRECATED_OBJC_IMPLEMENTATIONS = YES;
				CLANG_WARN_DIRECT_OBJC_ISA_USAGE = YES_ERROR;
				CLANG_WARN_DOCUMENTATION_COMMENTS = YES;
				CLANG_WARN_EMPTY_BODY = YES;
				CLANG_WARN_ENUM_CONVERSION = YES;
				CLANG_WARN_INFINITE_RECURSION = YES;
				CLANG_WARN_INT_CONVERSION = YES;
				CLANG_WARN_NON_LITERAL_NULL_CONVERSION = YES;
				CLANG_WARN_OBJC_IMPLICIT_RETAIN_SELF = YES;
				CLANG_WARN_OBJC_LITERAL_CONVERSION = YES;
				CLANG_WARN_OBJC_ROOT_CLASS = YES_ERROR;
				CLANG_WARN_RANGE_LOOP_ANALYSIS = YES;
				CLANG_WARN_STRICT_PROTOTYPES = YES;
				CLANG_WARN_SUSPICIOUS_MOVE = YES;
				CLANG_WARN_UNGUARDED_AVAILABILITY = YES_AGGRESSIVE;
				CLANG_WARN_UNREACHABLE_CODE = YES;
				CLANG_WARN__DUPLICATE_METHOD_MATCH = YES;
				CODE_SIGN_IDENTITY = "iPhone Developer";
				COPY_PHASE_STRIP = NO;
				DEBUG_INFORMATION_FORMAT = "dwarf-with-dsym";
				ENABLE_NS_ASSERTIONS = NO;
				ENABLE_STRICT_OBJC_MSGSEND = YES;
				GCC_C_LANGUAGE_STANDARD = gnu11;
				GCC_NO_COMMON_BLOCKS = YES;
				GCC_WARN_64_TO_32_BIT_CONVERSION = YES;
				GCC_WARN_ABOUT_RETURN_TYPE = YES_ERROR;
				GCC_WARN_UNDECLARED_SELECTOR = YES;
				GCC_WARN_UNINITIALIZED_AUTOS = YES_AGGRESSIVE;
				GCC_WARN_UNUSED_FUNCTION = YES;
				GCC_WARN_UNUSED_VARIABLE = YES;
				IPHONEOS_DEPLOYMENT_TARGET = 12.2;
				MTL_ENABLE_DEBUG_INFO = NO;
				MTL_FAST_MATH = YES;
				SDKROOT = iphoneos;
				SWIFT_COMPILATION_MODE = wholemodule;
				SWIFT_OPTIMIZATION_LEVEL = "-O";
				VALIDATE_PRODUCT = YES;
			};
			name = Release;
		};
		AE47F48022AC15AF00A1DCE7 /* Debug */ = {
			isa = XCBuildConfiguration;
			buildSettings = {
				ASSETCATALOG_COMPILER_APPICON_NAME = AppIcon;
				CODE_SIGN_STYLE = Automatic;
				INFOPLIST_FILE = Swift_Calc/Info.plist;
				LD_RUNPATH_SEARCH_PATHS = (
					"$(inherited)",
					"@executable_path/Frameworks",
				);
				PRODUCT_BUNDLE_IDENTIFIER = "io-github.takusan23.Swift-Calc";
				PRODUCT_NAME = "$(TARGET_NAME)";
				SWIFT_VERSION = 5.0;
				TARGETED_DEVICE_FAMILY = "1,2";
			};
			name = Debug;
		};
		AE47F48122AC15AF00A1DCE7 /* Release */ = {
			isa = XCBuildConfiguration;
			buildSettings = {
				ASSETCATALOG_COMPILER_APPICON_NAME = AppIcon;
				CODE_SIGN_STYLE = Automatic;
				INFOPLIST_FILE = Swift_Calc/Info.plist;
				LD_RUNPATH_SEARCH_PATHS = (
					"$(inherited)",
					"@executable_path/Frameworks",
				);
				PRODUCT_BUNDLE_IDENTIFIER = "io-github.takusan23.Swift-Calc";
				PRODUCT_NAME = "$(TARGET_NAME)";
				SWIFT_VERSION = 5.0;
				TARGETED_DEVICE_FAMILY = "1,2";
			};
			name = Release;
		};
		AE47F48322AC15AF00A1DCE7 /* Debug */ = {
			isa = XCBuildConfiguration;
			buildSettings = {
				ALWAYS_EMBED_SWIFT_STANDARD_LIBRARIES = YES;
				BUNDLE_LOADER = "$(TEST_HOST)";
				CODE_SIGN_STYLE = Automatic;
				INFOPLIST_FILE = Swift_CalcTests/Info.plist;
				LD_RUNPATH_SEARCH_PATHS = (
					"$(inherited)",
					"@executable_path/Frameworks",
					"@loader_path/Frameworks",
				);
				PRODUCT_BUNDLE_IDENTIFIER = "io-github.takusan23.Swift-CalcTests";
				PRODUCT_NAME = "$(TARGET_NAME)";
				SWIFT_VERSION = 5.0;
				TARGETED_DEVICE_FAMILY = "1,2";
				TEST_HOST = "$(BUILT_PRODUCTS_DIR)/Swift_Calc.app/Swift_Calc";
			};
			name = Debug;
		};
		AE47F48422AC15AF00A1DCE7 /* Release */ = {
			isa = XCBuildConfiguration;
			buildSettings = {
				ALWAYS_EMBED_SWIFT_STANDARD_LIBRARIES = YES;
				BUNDLE_LOADER = "$(TEST_HOST)";
				CODE_SIGN_STYLE = Automatic;
				INFOPLIST_FILE = Swift_CalcTests/Info.plist;
				LD_RUNPATH_SEARCH_PATHS = (
					"$(inherited)",
					"@executable_path/Frameworks",
					"@loader_path/Frameworks",
				);
				PRODUCT_BUNDLE_IDENTIFIER = "io-github.takusan23.Swift-CalcTests";
				PRODUCT_NAME = "$(TARGET_NAME)";
				SWIFT_VERSION = 5.0;
				TARGETED_DEVICE_FAMILY = "1,2";
				TEST_HOST = "$(BUILT_PRODUCTS_DIR)/Swift_Calc.app/Swift_Calc";
			};
			name = Release;
		};
		AE47F48622AC15AF00A1DCE7 /* Debug */ = {
			isa = XCBuildConfiguration;
			buildSettings = {
				ALWAYS_EMBED_SWIFT_STANDARD_LIBRARIES = YES;
				CODE_SIGN_STYLE = Automatic;
				INFOPLIST_FILE = Swift_CalcUITests/Info.plist;
				LD_RUNPATH_SEARCH_PATHS = (
					"$(inherited)",
					"@executable_path/Frameworks",
					"@loader_path/Frameworks",
				);
				PRODUCT_BUNDLE_IDENTIFIER = "io-github.takusan23.Swift-CalcUITests";
				PRODUCT_NAME = "$(TARGET_NAME)";
				SWIFT_VERSION = 5.0;
				TARGETED_DEVICE_FAMILY = "1,2";
				TEST_TARGET_NAME = Swift_Calc;
			};
			name = Debug;
		};
		AE47F48722AC15AF00A1DCE7 /* Release */ = {
			isa = XCBuildConfiguration;
			buildSettings = {
				ALWAYS_EMBED_SWIFT_STANDARD_LIBRARIES = YES;
				CODE_SIGN_STYLE = Automatic;
				INFOPLIST_FILE = Swift_CalcUITests/Info.plist;
				LD_RUNPATH_SEARCH_PATHS = (
					"$(inherited)",
					"@executable_path/Frameworks",
					"@loader_path/Frameworks",
				);
				PRODUCT_BUNDLE_IDENTIFIER = "io-github.takusan23.Swift-CalcUITests";
				PRODUCT_NAME = "$(TARGET_NAME)";
				SWIFT_VERSION = 5.0;
				TARGETED_DEVICE_FAMILY = "1,2";
				TEST_TARGET_NAME = Swift_Calc;
			};
			name = Release;
		};
/* End XCBuildConfiguration section */

/* Begin XCConfigurationList section */
		AE47F45222AC15AD00A1DCE7 /* Build configuration list for PBXProject "Swift_Calc" */ = {
			isa = XCConfigurationList;
			buildConfigurations = (
				AE47F47D22AC15AF00A1DCE7 /* Debug */,
				AE47F47E22AC15AF00A1DCE7 /* Release */,
			);
			defaultConfigurationIsVisible = 0;
			defaultConfigurationName = Release;
		};
		AE47F47F22AC15AF00A1DCE7 /* Build configuration list for PBXNativeTarget "Swift_Calc" */ = {
			isa = XCConfigurationList;
			buildConfigurations = (
				AE47F48022AC15AF00A1DCE7 /* Debug */,
				AE47F48122AC15AF00A1DCE7 /* Release */,
			);
			defaultConfigurationIsVisible = 0;
			defaultConfigurationName = Release;
		};
		AE47F48222AC15AF00A1DCE7 /* Build configuration list for PBXNativeTarget "Swift_CalcTests" */ = {
			isa = XCConfigurationList;
			buildConfigurations = (
				AE47F48322AC15AF00A1DCE7 /* Debug */,
				AE47F48422AC15AF00A1DCE7 /* Release */,
			);
			defaultConfigurationIsVisible = 0;
			defaultConfigurationName = Release;
		};
		AE47F48522AC15AF00A1DCE7 /* Build configuration list for PBXNativeTarget "Swift_CalcUITests" */ = {
			isa = XCConfigurationList;
			buildConfigurations = (
				AE47F48622AC15AF00A1DCE7 /* Debug */,
				AE47F48722AC15AF00A1DCE7 /* Release */,
			);
			defaultConfigurationIsVisible = 0;
			defaultConfigurationName = Release;
		};
/* End XCConfigurationList section */
	};
	rootObject = AE47F44F22AC15AD00A1DCE7 /* Project object */;
}
